
Microsoft Visual Studio Solution File, Format Version 12.00
# Visual Studio Version 16
VisualStudioVersion = 16.0.30503.244
MinimumVisualStudioVersion = 10.0.40219.1
Project("{2150E333-8FDC-42A3-9474-1A3956D46DE8}") = "Application", "Application", "{2EB8035D-132D-4951-ACCF-95AADAC3C956}"
EndProject
Project("{2150E333-8FDC-42A3-9474-1A3956D46DE8}") = "1 - Core", "1 - Core", "{1512D572-C3DE-4F57-9E23-B332E5B4776B}"
EndProject
Project("{2150E333-8FDC-42A3-9474-1A3956D46DE8}") = "2 - Catalog", "2 - Catalog", "{90408274-907F-4AA3-AD62-21F35278BF66}"
EndProject
Project("{2150E333-8FDC-42A3-9474-1A3956D46DE8}") = "3 - Sales", "3 - Sales", "{6C934586-B683-417E-8AEE-50176466D711}"
EndProject
Project("{2150E333-8FDC-42A3-9474-1A3956D46DE8}") = "2.3 - Domain", "2.3 - Domain", "{432DE87B-4F28-4604-8BC7-642DEC0CDFB9}"
EndProject
Project("{2150E333-8FDC-42A3-9474-1A3956D46DE8}") = "2.2 - Services", "2.2 - Services", "{26B25BB8-EE8E-4DBC-8930-F66D37B338F6}"
EndProject
Project("{2150E333-8FDC-42A3-9474-1A3956D46DE8}") = "2.4 - Infraestructure", "2.4 - Infraestructure", "{BA7AA449-3B18-48AD-8D68-AC1F090D3ED2}"
EndProject
Project("{2150E333-8FDC-42A3-9474-1A3956D46DE8}") = "3.2 - Services", "3.2 - Services", "{8BB47503-35C9-4419-8A96-98F57A60F967}"
EndProject
Project("{2150E333-8FDC-42A3-9474-1A3956D46DE8}") = "3.3 - Domain", "3.3 - Domain", "{B2BDC277-6747-43E5-9066-AE72F4124596}"
EndProject
Project("{2150E333-8FDC-42A3-9474-1A3956D46DE8}") = "3.4 - Infraestructure", "3.4 - Infraestructure", "{1A722C42-7470-44EF-94F6-C4B447859FCB}"
EndProject
Project("{2150E333-8FDC-42A3-9474-1A3956D46DE8}") = "4 - Accounts", "4 - Accounts", "{55C98401-7745-4AD2-B0F1-DD00DF6FC2C5}"
EndProject
Project("{2150E333-8FDC-42A3-9474-1A3956D46DE8}") = "4.2 - Services", "4.2 - Services", "{CA52120A-23F4-4836-B51D-D6131DE825B1}"
EndProject
Project("{2150E333-8FDC-42A3-9474-1A3956D46DE8}") = "4.3 - Domain", "4.3 - Domain", "{32CC85A5-9F0A-4511-9A8B-130C068EC6A6}"
EndProject
Project("{2150E333-8FDC-42A3-9474-1A3956D46DE8}") = "4.4 - Infraestructure", "4.4 - Infraestructure", "{CEFFF951-E667-4083-9BD1-8127B7E1861B}"
EndProject
Project("{2150E333-8FDC-42A3-9474-1A3956D46DE8}") = "2.1 - Application", "2.1 - Application", "{F34B1884-58E6-49FE-8647-387EF7623FD0}"
EndProject
Project("{2150E333-8FDC-42A3-9474-1A3956D46DE8}") = "3.1 - Application", "3.1 - Application", "{A7269453-D813-4C40-85A3-CD7A11B743CA}"
EndProject
Project("{2150E333-8FDC-42A3-9474-1A3956D46DE8}") = "4.1 - Application", "4.1 - Application", "{D1863C38-45DF-409C-A0EA-560224B84507}"
EndProject
Project("{2150E333-8FDC-42A3-9474-1A3956D46DE8}") = "WebApps", "WebApps", "{F8719839-C21C-45BB-A138-5C7ACBD17F8D}"
EndProject
Project("{2150E333-8FDC-42A3-9474-1A3956D46DE8}") = "5 - Fiscal", "5 - Fiscal", "{5DB29B91-B915-4820-8BBF-11F1AD055CEA}"
EndProject
Project("{2150E333-8FDC-42A3-9474-1A3956D46DE8}") = "6 - Payments", "6 - Payments", "{04DF2E21-784D-4CBC-9969-680FEB3D1DC3}"
EndProject
Project("{2150E333-8FDC-42A3-9474-1A3956D46DE8}") = "6.3 - ExternalServices", "6.3 - ExternalServices", "{07F287FB-7EB2-4E5D-9213-3BA9EDCEEEF5}"
EndProject
Project("{2150E333-8FDC-42A3-9474-1A3956D46DE8}") = "6.1 - Business", "6.1 - Business", "{E96119C8-7E42-4519-BB26-D488EB8EAFBB}"
EndProject
Project("{2150E333-8FDC-42A3-9474-1A3956D46DE8}") = "6.2 - Data", "6.2 - Data", "{8F233A14-9BAE-4F3C-A84D-440B8696B022}"
EndProject
Project("{9A19103F-16F7-4668-BE54-9A1E7A4F7556}") = "CHStore.Payments.Data", "src\Application\Payments\CHStore.Payments.Data\CHStore.Payments.Data.csproj", "{E2522D0A-1901-4C8A-90DF-CFCAACEC4543}"
EndProject
Project("{2150E333-8FDC-42A3-9474-1A3956D46DE8}") = "Database", "Database", "{D3BF2F7F-F16E-435D-91D5-982633FA3B01}"
EndProject
Project("{9A19103F-16F7-4668-BE54-9A1E7A4F7556}") = "CHStore.Database", "src\Database\CHStore.Database\CHStore.Database.csproj", "{FD95BD0B-BCA5-4914-BC89-259D01D65411}"
EndProject
Project("{9A19103F-16F7-4668-BE54-9A1E7A4F7556}") = "CHStore.MVC", "src\WebApps\MVC\CHStore.MVC\CHStore.MVC.csproj", "{4784278B-200D-47A7-92F3-636A38DEBEF0}"
EndProject
Project("{2150E333-8FDC-42A3-9474-1A3956D46DE8}") = "2.5 - IoC", "2.5 - IoC", "{70B68E0E-82C0-41E7-BEB1-E6040139D432}"
EndProject
Project("{2150E333-8FDC-42A3-9474-1A3956D46DE8}") = "6.4 - IoC", "6.4 - IoC", "{103F204D-E03D-4AD9-8745-B4962B7A6A80}"
EndProject
Project("{9A19103F-16F7-4668-BE54-9A1E7A4F7556}") = "CHStore.Payments.ExternalServices", "src\Application\Payments\CHStore.Payments.ExternalServices\CHStore.Payments.ExternalServices.csproj", "{B6DC351F-A583-4C16-A334-4C413854F4BA}"
EndProject
Project("{9A19103F-16F7-4668-BE54-9A1E7A4F7556}") = "CHStore.Payments.IoC", "src\Application\Payments\CHStore.Payments.IoC\CHStore.Payments.IoC.csproj", "{CCCFF8A0-A114-4052-BC76-BF323F33819F}"
EndProject
Project("{2150E333-8FDC-42A3-9474-1A3956D46DE8}") = "4.5 - IoC", "4.5 - IoC", "{F151ABEC-1FFD-4A17-8FC1-689CBE104473}"
EndProject
Project("{9A19103F-16F7-4668-BE54-9A1E7A4F7556}") = "CHStore.Account.IoC", "src\Application\Account\CHStore.Account.IoC\CHStore.Account.IoC.csproj", "{38F75134-93F7-4814-8547-A5C1E2BD64BC}"
EndProject
Project("{2150E333-8FDC-42A3-9474-1A3956D46DE8}") = "3.5 - IoC", "3.5 - IoC", "{E2AD9885-CE5D-459C-B0E0-D3CE7A771A85}"
EndProject
Project("{9A19103F-16F7-4668-BE54-9A1E7A4F7556}") = "CHStore.Sales.IoC", "src\Application\Sales\CHStore.Sales.IoC\CHStore.Sales.IoC.csproj", "{156AF15B-3AA2-4838-BB30-138B2C1B229E}"
EndProject
Project("{9A19103F-16F7-4668-BE54-9A1E7A4F7556}") = "CHStore.Core", "src\Application\Core\CHStore.Core\CHStore.Core.csproj", "{A71A8962-F534-4CCA-A7A8-336BF29EBFF3}"
EndProject
Project("{9A19103F-16F7-4668-BE54-9A1E7A4F7556}") = "CHStore.Catalog.Application", "src\Application\Catalog\CHStore.Catalog.Application\CHStore.Catalog.Application.csproj", "{BC5B30B3-3CCC-44D3-80D7-622ABEE96167}"
EndProject
Project("{9A19103F-16F7-4668-BE54-9A1E7A4F7556}") = "CHStore.Catalog.Services", "src\Application\Catalog\CHStore.Catalog.Services\CHStore.Catalog.Services.csproj", "{44109EFE-C87E-4C0D-99A6-E529052F1505}"
EndProject
Project("{9A19103F-16F7-4668-BE54-9A1E7A4F7556}") = "CHStore.Catalog.Domain", "src\Application\Catalog\CHStore.Catalog.Domain\CHStore.Catalog.Domain.csproj", "{00491674-F2D7-4CB4-A722-C1195C8D53D7}"
EndProject
Project("{9A19103F-16F7-4668-BE54-9A1E7A4F7556}") = "CHStore.Catalog.Infraestructureestructure", "src\Application\Catalog\CHStore.Catalog.Infraestructureestructure\CHStore.Catalog.Infraestructureestructure.csproj", "{59AAB071-2CBC-4A72-9BE5-1AD250E449B0}"
EndProject
Project("{9A19103F-16F7-4668-BE54-9A1E7A4F7556}") = "CHStore.Catalog.IoC", "src\Application\Catalog\CHStore.Catalog.IoC\CHStore.Catalog.IoC.csproj", "{7DC76B35-C1EE-47D5-ACF6-36651FCAD33D}"
EndProject
Project("{9A19103F-16F7-4668-BE54-9A1E7A4F7556}") = "CHStore.Payments.Business", "src\Application\Payments\CHStore.Payments.Business\CHStore.Payments.Business.csproj", "{8D9383D8-0FB7-4A97-A77F-C24D2D42235D}"
EndProject
Project("{9A19103F-16F7-4668-BE54-9A1E7A4F7556}") = "CHStore.Sales.Application", "src\Application\Sales\CHStore.Sales.Application\CHStore.Sales.Application.csproj", "{661ABF54-52B2-4402-B7D3-6F8C1A5759F7}"
EndProject
Project("{9A19103F-16F7-4668-BE54-9A1E7A4F7556}") = "CHStore.Sales.Services", "src\Application\Sales\CHStore.Sales.Services\CHStore.Sales.Services.csproj", "{C46E2B2F-1562-40A2-BE77-FE44E8443BAD}"
EndProject
Project("{9A19103F-16F7-4668-BE54-9A1E7A4F7556}") = "CHStore.Sales.Domain", "src\Application\Sales\CHStore.Sales.Domain\CHStore.Sales.Domain.csproj", "{A06064B1-F5C6-4082-BD63-952AA578844F}"
EndProject
Project("{9A19103F-16F7-4668-BE54-9A1E7A4F7556}") = "CHStore.Sales.Infraestructure", "src\Application\Sales\CHStore.Sales.Infraestructure\CHStore.Sales.Infraestructure.csproj", "{4D0899BC-30AA-4ED6-80D8-1142A1635E36}"
EndProject
Project("{9A19103F-16F7-4668-BE54-9A1E7A4F7556}") = "CHStore.Account.Application", "src\Application\Account\CHStore.Account.Application\CHStore.Account.Application.csproj", "{25885E38-EF6A-4F55-B8A4-2235A984DF98}"
EndProject
Project("{9A19103F-16F7-4668-BE54-9A1E7A4F7556}") = "ChStore.Account.Services", "src\Application\Account\ChStore.Account.Services\ChStore.Account.Services.csproj", "{7EF9AA91-BB26-40C6-9071-4FFB9C48E4E3}"
EndProject
Project("{9A19103F-16F7-4668-BE54-9A1E7A4F7556}") = "CHStore.Account.Domain", "src\Application\Account\CHStore.Account.Domain\CHStore.Account.Domain.csproj", "{AE2D6FB6-E6CD-4E47-8301-FFA5E6494C26}"
EndProject
Project("{9A19103F-16F7-4668-BE54-9A1E7A4F7556}") = "CHStore.Account.Infraestructure", "src\Application\Account\CHStore.Account.Infraestructure\CHStore.Account.Infraestructure.csproj", "{C3ACBD6E-FA3B-45AD-9A12-3ACEC9629E62}"
EndProject
Global
	GlobalSection(SolutionConfigurationPlatforms) = preSolution
		Debug|Any CPU = Debug|Any CPU
		Release|Any CPU = Release|Any CPU
	EndGlobalSection
	GlobalSection(ProjectConfigurationPlatforms) = postSolution
		{E2522D0A-1901-4C8A-90DF-CFCAACEC4543}.Debug|Any CPU.ActiveCfg = Debug|Any CPU
		{E2522D0A-1901-4C8A-90DF-CFCAACEC4543}.Debug|Any CPU.Build.0 = Debug|Any CPU
		{E2522D0A-1901-4C8A-90DF-CFCAACEC4543}.Release|Any CPU.ActiveCfg = Release|Any CPU
		{E2522D0A-1901-4C8A-90DF-CFCAACEC4543}.Release|Any CPU.Build.0 = Release|Any CPU
		{FD95BD0B-BCA5-4914-BC89-259D01D65411}.Debug|Any CPU.ActiveCfg = Debug|Any CPU
		{FD95BD0B-BCA5-4914-BC89-259D01D65411}.Debug|Any CPU.Build.0 = Debug|Any CPU
		{FD95BD0B-BCA5-4914-BC89-259D01D65411}.Release|Any CPU.ActiveCfg = Release|Any CPU
		{FD95BD0B-BCA5-4914-BC89-259D01D65411}.Release|Any CPU.Build.0 = Release|Any CPU
		{4784278B-200D-47A7-92F3-636A38DEBEF0}.Debug|Any CPU.ActiveCfg = Debug|Any CPU
		{4784278B-200D-47A7-92F3-636A38DEBEF0}.Debug|Any CPU.Build.0 = Debug|Any CPU
		{4784278B-200D-47A7-92F3-636A38DEBEF0}.Release|Any CPU.ActiveCfg = Release|Any CPU
		{4784278B-200D-47A7-92F3-636A38DEBEF0}.Release|Any CPU.Build.0 = Release|Any CPU
		{B6DC351F-A583-4C16-A334-4C413854F4BA}.Debug|Any CPU.ActiveCfg = Debug|Any CPU
		{B6DC351F-A583-4C16-A334-4C413854F4BA}.Debug|Any CPU.Build.0 = Debug|Any CPU
		{B6DC351F-A583-4C16-A334-4C413854F4BA}.Release|Any CPU.ActiveCfg = Release|Any CPU
		{B6DC351F-A583-4C16-A334-4C413854F4BA}.Release|Any CPU.Build.0 = Release|Any CPU
		{CCCFF8A0-A114-4052-BC76-BF323F33819F}.Debug|Any CPU.ActiveCfg = Debug|Any CPU
		{CCCFF8A0-A114-4052-BC76-BF323F33819F}.Debug|Any CPU.Build.0 = Debug|Any CPU
		{CCCFF8A0-A114-4052-BC76-BF323F33819F}.Release|Any CPU.ActiveCfg = Release|Any CPU
		{CCCFF8A0-A114-4052-BC76-BF323F33819F}.Release|Any CPU.Build.0 = Release|Any CPU
		{38F75134-93F7-4814-8547-A5C1E2BD64BC}.Debug|Any CPU.ActiveCfg = Debug|Any CPU
		{38F75134-93F7-4814-8547-A5C1E2BD64BC}.Debug|Any CPU.Build.0 = Debug|Any CPU
		{38F75134-93F7-4814-8547-A5C1E2BD64BC}.Release|Any CPU.ActiveCfg = Release|Any CPU
		{38F75134-93F7-4814-8547-A5C1E2BD64BC}.Release|Any CPU.Build.0 = Release|Any CPU
		{156AF15B-3AA2-4838-BB30-138B2C1B229E}.Debug|Any CPU.ActiveCfg = Debug|Any CPU
		{156AF15B-3AA2-4838-BB30-138B2C1B229E}.Debug|Any CPU.Build.0 = Debug|Any CPU
		{156AF15B-3AA2-4838-BB30-138B2C1B229E}.Release|Any CPU.ActiveCfg = Release|Any CPU
		{156AF15B-3AA2-4838-BB30-138B2C1B229E}.Release|Any CPU.Build.0 = Release|Any CPU
		{A71A8962-F534-4CCA-A7A8-336BF29EBFF3}.Debug|Any CPU.ActiveCfg = Debug|Any CPU
		{A71A8962-F534-4CCA-A7A8-336BF29EBFF3}.Debug|Any CPU.Build.0 = Debug|Any CPU
		{A71A8962-F534-4CCA-A7A8-336BF29EBFF3}.Release|Any CPU.ActiveCfg = Release|Any CPU
		{A71A8962-F534-4CCA-A7A8-336BF29EBFF3}.Release|Any CPU.Build.0 = Release|Any CPU
		{BC5B30B3-3CCC-44D3-80D7-622ABEE96167}.Debug|Any CPU.ActiveCfg = Debug|Any CPU
		{BC5B30B3-3CCC-44D3-80D7-622ABEE96167}.Debug|Any CPU.Build.0 = Debug|Any CPU
		{BC5B30B3-3CCC-44D3-80D7-622ABEE96167}.Release|Any CPU.ActiveCfg = Release|Any CPU
		{BC5B30B3-3CCC-44D3-80D7-622ABEE96167}.Release|Any CPU.Build.0 = Release|Any CPU
		{44109EFE-C87E-4C0D-99A6-E529052F1505}.Debug|Any CPU.ActiveCfg = Debug|Any CPU
		{44109EFE-C87E-4C0D-99A6-E529052F1505}.Debug|Any CPU.Build.0 = Debug|Any CPU
		{44109EFE-C87E-4C0D-99A6-E529052F1505}.Release|Any CPU.ActiveCfg = Release|Any CPU
		{44109EFE-C87E-4C0D-99A6-E529052F1505}.Release|Any CPU.Build.0 = Release|Any CPU
		{00491674-F2D7-4CB4-A722-C1195C8D53D7}.Debug|Any CPU.ActiveCfg = Debug|Any CPU
		{00491674-F2D7-4CB4-A722-C1195C8D53D7}.Debug|Any CPU.Build.0 = Debug|Any CPU
		{00491674-F2D7-4CB4-A722-C1195C8D53D7}.Release|Any CPU.ActiveCfg = Release|Any CPU
		{00491674-F2D7-4CB4-A722-C1195C8D53D7}.Release|Any CPU.Build.0 = Release|Any CPU
		{59AAB071-2CBC-4A72-9BE5-1AD250E449B0}.Debug|Any CPU.ActiveCfg = Debug|Any CPU
		{59AAB071-2CBC-4A72-9BE5-1AD250E449B0}.Debug|Any CPU.Build.0 = Debug|Any CPU
		{59AAB071-2CBC-4A72-9BE5-1AD250E449B0}.Release|Any CPU.ActiveCfg = Release|Any CPU
		{59AAB071-2CBC-4A72-9BE5-1AD250E449B0}.Release|Any CPU.Build.0 = Release|Any CPU
		{7DC76B35-C1EE-47D5-ACF6-36651FCAD33D}.Debug|Any CPU.ActiveCfg = Debug|Any CPU
		{7DC76B35-C1EE-47D5-ACF6-36651FCAD33D}.Debug|Any CPU.Build.0 = Debug|Any CPU
		{7DC76B35-C1EE-47D5-ACF6-36651FCAD33D}.Release|Any CPU.ActiveCfg = Release|Any CPU
		{7DC76B35-C1EE-47D5-ACF6-36651FCAD33D}.Release|Any CPU.Build.0 = Release|Any CPU
		{8D9383D8-0FB7-4A97-A77F-C24D2D42235D}.Debug|Any CPU.ActiveCfg = Debug|Any CPU
		{8D9383D8-0FB7-4A97-A77F-C24D2D42235D}.Debug|Any CPU.Build.0 = Debug|Any CPU
		{8D9383D8-0FB7-4A97-A77F-C24D2D42235D}.Release|Any CPU.ActiveCfg = Release|Any CPU
		{8D9383D8-0FB7-4A97-A77F-C24D2D42235D}.Release|Any CPU.Build.0 = Release|Any CPU
		{661ABF54-52B2-4402-B7D3-6F8C1A5759F7}.Debug|Any CPU.ActiveCfg = Debug|Any CPU
		{661ABF54-52B2-4402-B7D3-6F8C1A5759F7}.Debug|Any CPU.Build.0 = Debug|Any CPU
		{661ABF54-52B2-4402-B7D3-6F8C1A5759F7}.Release|Any CPU.ActiveCfg = Release|Any CPU
		{661ABF54-52B2-4402-B7D3-6F8C1A5759F7}.Release|Any CPU.Build.0 = Release|Any CPU
		{C46E2B2F-1562-40A2-BE77-FE44E8443BAD}.Debug|Any CPU.ActiveCfg = Debug|Any CPU
		{C46E2B2F-1562-40A2-BE77-FE44E8443BAD}.Debug|Any CPU.Build.0 = Debug|Any CPU
		{C46E2B2F-1562-40A2-BE77-FE44E8443BAD}.Release|Any CPU.ActiveCfg = Release|Any CPU
		{C46E2B2F-1562-40A2-BE77-FE44E8443BAD}.Release|Any CPU.Build.0 = Release|Any CPU
		{A06064B1-F5C6-4082-BD63-952AA578844F}.Debug|Any CPU.ActiveCfg = Debug|Any CPU
		{A06064B1-F5C6-4082-BD63-952AA578844F}.Debug|Any CPU.Build.0 = Debug|Any CPU
		{A06064B1-F5C6-4082-BD63-952AA578844F}.Release|Any CPU.ActiveCfg = Release|Any CPU
		{A06064B1-F5C6-4082-BD63-952AA578844F}.Release|Any CPU.Build.0 = Release|Any CPU
		{4D0899BC-30AA-4ED6-80D8-1142A1635E36}.Debug|Any CPU.ActiveCfg = Debug|Any CPU
		{4D0899BC-30AA-4ED6-80D8-1142A1635E36}.Debug|Any CPU.Build.0 = Debug|Any CPU
		{4D0899BC-30AA-4ED6-80D8-1142A1635E36}.Release|Any CPU.ActiveCfg = Release|Any CPU
		{4D0899BC-30AA-4ED6-80D8-1142A1635E36}.Release|Any CPU.Build.0 = Release|Any CPU
		{25885E38-EF6A-4F55-B8A4-2235A984DF98}.Debug|Any CPU.ActiveCfg = Debug|Any CPU
		{25885E38-EF6A-4F55-B8A4-2235A984DF98}.Debug|Any CPU.Build.0 = Debug|Any CPU
		{25885E38-EF6A-4F55-B8A4-2235A984DF98}.Release|Any CPU.ActiveCfg = Release|Any CPU
		{25885E38-EF6A-4F55-B8A4-2235A984DF98}.Release|Any CPU.Build.0 = Release|Any CPU
		{7EF9AA91-BB26-40C6-9071-4FFB9C48E4E3}.Debug|Any CPU.ActiveCfg = Debug|Any CPU
		{7EF9AA91-BB26-40C6-9071-4FFB9C48E4E3}.Debug|Any CPU.Build.0 = Debug|Any CPU
		{7EF9AA91-BB26-40C6-9071-4FFB9C48E4E3}.Release|Any CPU.ActiveCfg = Release|Any CPU
		{7EF9AA91-BB26-40C6-9071-4FFB9C48E4E3}.Release|Any CPU.Build.0 = Release|Any CPU
		{AE2D6FB6-E6CD-4E47-8301-FFA5E6494C26}.Debug|Any CPU.ActiveCfg = Debug|Any CPU
		{AE2D6FB6-E6CD-4E47-8301-FFA5E6494C26}.Debug|Any CPU.Build.0 = Debug|Any CPU
		{AE2D6FB6-E6CD-4E47-8301-FFA5E6494C26}.Release|Any CPU.ActiveCfg = Release|Any CPU
		{AE2D6FB6-E6CD-4E47-8301-FFA5E6494C26}.Release|Any CPU.Build.0 = Release|Any CPU
		{C3ACBD6E-FA3B-45AD-9A12-3ACEC9629E62}.Debug|Any CPU.ActiveCfg = Debug|Any CPU
		{C3ACBD6E-FA3B-45AD-9A12-3ACEC9629E62}.Debug|Any CPU.Build.0 = Debug|Any CPU
		{C3ACBD6E-FA3B-45AD-9A12-3ACEC9629E62}.Release|Any CPU.ActiveCfg = Release|Any CPU
		{C3ACBD6E-FA3B-45AD-9A12-3ACEC9629E62}.Release|Any CPU.Build.0 = Release|Any CPU
	EndGlobalSection
	GlobalSection(SolutionProperties) = preSolution
		HideSolutionNode = FALSE
	EndGlobalSection
	GlobalSection(NestedProjects) = preSolution
		{1512D572-C3DE-4F57-9E23-B332E5B4776B} = {2EB8035D-132D-4951-ACCF-95AADAC3C956}
		{90408274-907F-4AA3-AD62-21F35278BF66} = {2EB8035D-132D-4951-ACCF-95AADAC3C956}
		{6C934586-B683-417E-8AEE-50176466D711} = {2EB8035D-132D-4951-ACCF-95AADAC3C956}
		{432DE87B-4F28-4604-8BC7-642DEC0CDFB9} = {90408274-907F-4AA3-AD62-21F35278BF66}
		{26B25BB8-EE8E-4DBC-8930-F66D37B338F6} = {90408274-907F-4AA3-AD62-21F35278BF66}
		{BA7AA449-3B18-48AD-8D68-AC1F090D3ED2} = {90408274-907F-4AA3-AD62-21F35278BF66}
		{8BB47503-35C9-4419-8A96-98F57A60F967} = {6C934586-B683-417E-8AEE-50176466D711}
		{B2BDC277-6747-43E5-9066-AE72F4124596} = {6C934586-B683-417E-8AEE-50176466D711}
		{1A722C42-7470-44EF-94F6-C4B447859FCB} = {6C934586-B683-417E-8AEE-50176466D711}
		{55C98401-7745-4AD2-B0F1-DD00DF6FC2C5} = {2EB8035D-132D-4951-ACCF-95AADAC3C956}
		{CA52120A-23F4-4836-B51D-D6131DE825B1} = {55C98401-7745-4AD2-B0F1-DD00DF6FC2C5}
		{32CC85A5-9F0A-4511-9A8B-130C068EC6A6} = {55C98401-7745-4AD2-B0F1-DD00DF6FC2C5}
		{CEFFF951-E667-4083-9BD1-8127B7E1861B} = {55C98401-7745-4AD2-B0F1-DD00DF6FC2C5}
		{F34B1884-58E6-49FE-8647-387EF7623FD0} = {90408274-907F-4AA3-AD62-21F35278BF66}
		{A7269453-D813-4C40-85A3-CD7A11B743CA} = {6C934586-B683-417E-8AEE-50176466D711}
		{D1863C38-45DF-409C-A0EA-560224B84507} = {55C98401-7745-4AD2-B0F1-DD00DF6FC2C5}
		{5DB29B91-B915-4820-8BBF-11F1AD055CEA} = {2EB8035D-132D-4951-ACCF-95AADAC3C956}
		{04DF2E21-784D-4CBC-9969-680FEB3D1DC3} = {2EB8035D-132D-4951-ACCF-95AADAC3C956}
		{07F287FB-7EB2-4E5D-9213-3BA9EDCEEEF5} = {04DF2E21-784D-4CBC-9969-680FEB3D1DC3}
		{E96119C8-7E42-4519-BB26-D488EB8EAFBB} = {04DF2E21-784D-4CBC-9969-680FEB3D1DC3}
		{8F233A14-9BAE-4F3C-A84D-440B8696B022} = {04DF2E21-784D-4CBC-9969-680FEB3D1DC3}
		{E2522D0A-1901-4C8A-90DF-CFCAACEC4543} = {8F233A14-9BAE-4F3C-A84D-440B8696B022}
		{FD95BD0B-BCA5-4914-BC89-259D01D65411} = {D3BF2F7F-F16E-435D-91D5-982633FA3B01}
		{4784278B-200D-47A7-92F3-636A38DEBEF0} = {F8719839-C21C-45BB-A138-5C7ACBD17F8D}
		{70B68E0E-82C0-41E7-BEB1-E6040139D432} = {90408274-907F-4AA3-AD62-21F35278BF66}
		{103F204D-E03D-4AD9-8745-B4962B7A6A80} = {04DF2E21-784D-4CBC-9969-680FEB3D1DC3}
		{B6DC351F-A583-4C16-A334-4C413854F4BA} = {07F287FB-7EB2-4E5D-9213-3BA9EDCEEEF5}
		{CCCFF8A0-A114-4052-BC76-BF323F33819F} = {103F204D-E03D-4AD9-8745-B4962B7A6A80}
		{F151ABEC-1FFD-4A17-8FC1-689CBE104473} = {55C98401-7745-4AD2-B0F1-DD00DF6FC2C5}
		{38F75134-93F7-4814-8547-A5C1E2BD64BC} = {F151ABEC-1FFD-4A17-8FC1-689CBE104473}
		{E2AD9885-CE5D-459C-B0E0-D3CE7A771A85} = {6C934586-B683-417E-8AEE-50176466D711}
		{156AF15B-3AA2-4838-BB30-138B2C1B229E} = {E2AD9885-CE5D-459C-B0E0-D3CE7A771A85}
		{A71A8962-F534-4CCA-A7A8-336BF29EBFF3} = {1512D572-C3DE-4F57-9E23-B332E5B4776B}
		{BC5B30B3-3CCC-44D3-80D7-622ABEE96167} = {F34B1884-58E6-49FE-8647-387EF7623FD0}
		{44109EFE-C87E-4C0D-99A6-E529052F1505} = {26B25BB8-EE8E-4DBC-8930-F66D37B338F6}
		{00491674-F2D7-4CB4-A722-C1195C8D53D7} = {432DE87B-4F28-4604-8BC7-642DEC0CDFB9}
		{59AAB071-2CBC-4A72-9BE5-1AD250E449B0} = {BA7AA449-3B18-48AD-8D68-AC1F090D3ED2}
		{7DC76B35-C1EE-47D5-ACF6-36651FCAD33D} = {70B68E0E-82C0-41E7-BEB1-E6040139D432}
		{8D9383D8-0FB7-4A97-A77F-C24D2D42235D} = {E96119C8-7E42-4519-BB26-D488EB8EAFBB}
		{661ABF54-52B2-4402-B7D3-6F8C1A5759F7} = {A7269453-D813-4C40-85A3-CD7A11B743CA}
		{C46E2B2F-1562-40A2-BE77-FE44E8443BAD} = {8BB47503-35C9-4419-8A96-98F57A60F967}
		{A06064B1-F5C6-4082-BD63-952AA578844F} = {B2BDC277-6747-43E5-9066-AE72F4124596}
		{4D0899BC-30AA-4ED6-80D8-1142A1635E36} = {1A722C42-7470-44EF-94F6-C4B447859FCB}
		{25885E38-EF6A-4F55-B8A4-2235A984DF98} = {D1863C38-45DF-409C-A0EA-560224B84507}
		{7EF9AA91-BB26-40C6-9071-4FFB9C48E4E3} = {CA52120A-23F4-4836-B51D-D6131DE825B1}
		{AE2D6FB6-E6CD-4E47-8301-FFA5E6494C26} = {32CC85A5-9F0A-4511-9A8B-130C068EC6A6}
		{C3ACBD6E-FA3B-45AD-9A12-3ACEC9629E62} = {CEFFF951-E667-4083-9BD1-8127B7E1861B}
	EndGlobalSection
	GlobalSection(ExtensibilityGlobals) = postSolution
		SolutionGuid = {A53BA1F2-3E20-4CD3-B606-0096DDA6D69B}
	EndGlobalSection
EndGlobal
