
Microsoft Visual Studio Solution File, Format Version 12.00
# Visual Studio Version 16
VisualStudioVersion = 16.0.30503.244
MinimumVisualStudioVersion = 10.0.40219.1
Project("{2150E333-8FDC-42A3-9474-1A3956D46DE8}") = "Application", "Application", "{2EB8035D-132D-4951-ACCF-95AADAC3C956}"
EndProject
Project("{2150E333-8FDC-42A3-9474-1A3956D46DE8}") = "1 - Core", "1 - Core", "{1512D572-C3DE-4F57-9E23-B332E5B4776B}"
EndProject
Project("{2150E333-8FDC-42A3-9474-1A3956D46DE8}") = "2 - Catalog", "2 - Catalog", "{90408274-907F-4AA3-AD62-21F35278BF66}"
EndProject
Project("{2150E333-8FDC-42A3-9474-1A3956D46DE8}") = "3 - Sales", "3 - Sales", "{6C934586-B683-417E-8AEE-50176466D711}"
EndProject
Project("{2150E333-8FDC-42A3-9474-1A3956D46DE8}") = "2.3 - Domain", "2.3 - Domain", "{432DE87B-4F28-4604-8BC7-642DEC0CDFB9}"
EndProject
Project("{2150E333-8FDC-42A3-9474-1A3956D46DE8}") = "2.2 - Services", "2.2 - Services", "{26B25BB8-EE8E-4DBC-8930-F66D37B338F6}"
EndProject
Project("{2150E333-8FDC-42A3-9474-1A3956D46DE8}") = "2.4 - Infra", "2.4 - Infra", "{BA7AA449-3B18-48AD-8D68-AC1F090D3ED2}"
EndProject
Project("{2150E333-8FDC-42A3-9474-1A3956D46DE8}") = "3.2 - Services", "3.2 - Services", "{8BB47503-35C9-4419-8A96-98F57A60F967}"
EndProject
Project("{2150E333-8FDC-42A3-9474-1A3956D46DE8}") = "3.3 - Domain", "3.3 - Domain", "{B2BDC277-6747-43E5-9066-AE72F4124596}"
EndProject
Project("{2150E333-8FDC-42A3-9474-1A3956D46DE8}") = "3.4 - Infra", "3.4 - Infra", "{1A722C42-7470-44EF-94F6-C4B447859FCB}"
EndProject
Project("{2150E333-8FDC-42A3-9474-1A3956D46DE8}") = "4 - Accounts", "4 - Accounts", "{55C98401-7745-4AD2-B0F1-DD00DF6FC2C5}"
EndProject
Project("{2150E333-8FDC-42A3-9474-1A3956D46DE8}") = "4.2 - Services", "4.2 - Services", "{CA52120A-23F4-4836-B51D-D6131DE825B1}"
EndProject
Project("{2150E333-8FDC-42A3-9474-1A3956D46DE8}") = "4.3 - Domain", "4.3 - Domain", "{32CC85A5-9F0A-4511-9A8B-130C068EC6A6}"
EndProject
Project("{2150E333-8FDC-42A3-9474-1A3956D46DE8}") = "4.4 - Infra", "4.4 - Infra", "{CEFFF951-E667-4083-9BD1-8127B7E1861B}"
EndProject
Project("{9A19103F-16F7-4668-BE54-9A1E7A4F7556}") = "CHStore.Application.Core", "Application\Core\CHStore.Application.Core\CHStore.Application.Core.csproj", "{EA0344D9-67ED-41CD-9A42-387CC0F33520}"
EndProject
Project("{9A19103F-16F7-4668-BE54-9A1E7A4F7556}") = "CHStore.Application.Catalog.DomainServices", "Application\Catalog\CHStore.Application.Core.Catalog.DomainServices\CHStore.Application.Catalog.DomainServices.csproj", "{56080D50-4D44-4E92-9ADA-A7974D2DD6AA}"
EndProject
Project("{9A19103F-16F7-4668-BE54-9A1E7A4F7556}") = "CHStore.Application.Catalog.Domain", "Application\Catalog\CHStore.Application.Core.Catalog.Domain\CHStore.Application.Catalog.Domain.csproj", "{157A43C7-0BB9-4BCF-9CE8-92B00E39CF43}"
EndProject
Project("{9A19103F-16F7-4668-BE54-9A1E7A4F7556}") = "CHStore.Application.Catalog.Infra", "Application\Catalog\CHStore.Application.Core.Catalog.Infra\CHStore.Application.Catalog.Infra.csproj", "{8B315A60-4E04-4D94-9AF6-C1D6510F9E50}"
EndProject
Project("{9A19103F-16F7-4668-BE54-9A1E7A4F7556}") = "CHStore.Application.Sales.DomainServices", "Application\Sales\CHStore.Application.Sales.DomainServices\CHStore.Application.Sales.DomainServices.csproj", "{646BF0DE-BB8A-4D96-9BD6-A6FC273E5215}"
EndProject
Project("{9A19103F-16F7-4668-BE54-9A1E7A4F7556}") = "CHStore.Application.Sales.Infra", "Application\Sales\CHStore.Application.Sales.Infra\CHStore.Application.Sales.Infra.csproj", "{60C4899E-4AAC-4B4A-AA3B-21A4CCCF8229}"
EndProject
Project("{9A19103F-16F7-4668-BE54-9A1E7A4F7556}") = "CHStore.Application.Account.DomainServices", "Application\Account\ChStore.Application.Account.Services\CHStore.Application.Account.DomainServices.csproj", "{29FEEC93-DFC2-4458-8042-300975385A9C}"
EndProject
Project("{9A19103F-16F7-4668-BE54-9A1E7A4F7556}") = "CHStore.Application.Account.Domain", "Application\Account\CHStore.Application.Account.Domain\CHStore.Application.Account.Domain.csproj", "{D5A0DAE3-2ABA-4B35-897E-CD11C0ECE0BC}"
EndProject
Project("{9A19103F-16F7-4668-BE54-9A1E7A4F7556}") = "CHStore.Application.Account.Infra", "Application\Account\CHStore.Application.Account.Infra\CHStore.Application.Account.Infra.csproj", "{29086390-1EDF-4264-B755-9B06D2AE8A85}"
EndProject
Project("{2150E333-8FDC-42A3-9474-1A3956D46DE8}") = "2.1 - Application", "2.1 - Application", "{F34B1884-58E6-49FE-8647-387EF7623FD0}"
EndProject
Project("{2150E333-8FDC-42A3-9474-1A3956D46DE8}") = "3.1 - Application", "3.1 - Application", "{A7269453-D813-4C40-85A3-CD7A11B743CA}"
EndProject
Project("{2150E333-8FDC-42A3-9474-1A3956D46DE8}") = "4.1 - Application", "4.1 - Application", "{D1863C38-45DF-409C-A0EA-560224B84507}"
EndProject
Project("{9A19103F-16F7-4668-BE54-9A1E7A4F7556}") = "CHStore.Application.Account.ApplicationServices", "Application\Account\CHStore.Application.Account.ApplicationServices\CHStore.Application.Account.ApplicationServices.csproj", "{E043BC5A-0AC0-424B-B3D4-F5F5BA0B6B77}"
EndProject
Project("{9A19103F-16F7-4668-BE54-9A1E7A4F7556}") = "CHStore.Application.Catalog.ApplicationServices", "Application\Catalog\CHStore.Application.Catalog.ApplicationServices\CHStore.Application.Catalog.ApplicationServices.csproj", "{77FA9039-28C4-486A-B09A-BF7BBDD0BEDE}"
EndProject
Project("{9A19103F-16F7-4668-BE54-9A1E7A4F7556}") = "CHStore.Application.Sales.ApplicationServices", "Application\Sales\CHStore.Application.Sales.ApplicationServices\CHStore.Application.Sales.ApplicationServices.csproj", "{169F9D72-B760-4D51-A8AE-3B540F48D83B}"
EndProject
Project("{9A19103F-16F7-4668-BE54-9A1E7A4F7556}") = "CHStore.Application.Sales.Domain", "Application\Sales\CHStore.Application.Sales.Domain\CHStore.Application.Sales.Domain.csproj", "{C9D59D2A-FADD-4688-9EEC-A21DEED31419}"
EndProject
Project("{2150E333-8FDC-42A3-9474-1A3956D46DE8}") = "WebApps", "WebApps", "{F8719839-C21C-45BB-A138-5C7ACBD17F8D}"
EndProject
Project("{2150E333-8FDC-42A3-9474-1A3956D46DE8}") = "5 - Fiscal", "5 - Fiscal", "{5DB29B91-B915-4820-8BBF-11F1AD055CEA}"
EndProject
Project("{2150E333-8FDC-42A3-9474-1A3956D46DE8}") = "6 - Payments", "6 - Payments", "{04DF2E21-784D-4CBC-9969-680FEB3D1DC3}"
EndProject
Project("{2150E333-8FDC-42A3-9474-1A3956D46DE8}") = "6.1 - AntiCorruption", "6.1 - AntiCorruption", "{07F287FB-7EB2-4E5D-9213-3BA9EDCEEEF5}"
EndProject
Project("{9A19103F-16F7-4668-BE54-9A1E7A4F7556}") = "CHStore.Payments.AntiCorruption", "Application\Payments\CHStore.Payments.AntiCorruption\CHStore.Payments.AntiCorruption.csproj", "{C4AA9527-84B2-477A-AD2A-B47EC624E3D9}"
EndProject
Project("{2150E333-8FDC-42A3-9474-1A3956D46DE8}") = "6.2 - Business", "6.2 - Business", "{E96119C8-7E42-4519-BB26-D488EB8EAFBB}"
EndProject
Project("{2150E333-8FDC-42A3-9474-1A3956D46DE8}") = "6.3 - Data", "6.3 - Data", "{8F233A14-9BAE-4F3C-A84D-440B8696B022}"
EndProject
Project("{9A19103F-16F7-4668-BE54-9A1E7A4F7556}") = "CHStore.Payments.Bsuiness", "Application\Payments\CHStore.Payments.Bsuiness\CHStore.Payments.Bsuiness.csproj", "{A7414EB1-8CAD-495C-9960-616F4DE002AB}"
EndProject
Project("{9A19103F-16F7-4668-BE54-9A1E7A4F7556}") = "CHStore.Payments.Data", "Application\Payments\CHStore.Payments.Data\CHStore.Payments.Data.csproj", "{E2522D0A-1901-4C8A-90DF-CFCAACEC4543}"
EndProject
Project("{FAE04EC0-301F-11D3-BF4B-00C04F79EFBC}") = "CHStore.Web", "WebApps\Web\CHStore.Web\CHStore.Web.csproj", "{9718E2DF-0BDB-40B9-90EB-AF3526833BA1}"
EndProject
Global
	GlobalSection(SolutionConfigurationPlatforms) = preSolution
		Debug|Any CPU = Debug|Any CPU
		Release|Any CPU = Release|Any CPU
	EndGlobalSection
	GlobalSection(ProjectConfigurationPlatforms) = postSolution
		{EA0344D9-67ED-41CD-9A42-387CC0F33520}.Debug|Any CPU.ActiveCfg = Debug|Any CPU
		{EA0344D9-67ED-41CD-9A42-387CC0F33520}.Debug|Any CPU.Build.0 = Debug|Any CPU
		{EA0344D9-67ED-41CD-9A42-387CC0F33520}.Release|Any CPU.ActiveCfg = Release|Any CPU
		{EA0344D9-67ED-41CD-9A42-387CC0F33520}.Release|Any CPU.Build.0 = Release|Any CPU
		{56080D50-4D44-4E92-9ADA-A7974D2DD6AA}.Debug|Any CPU.ActiveCfg = Debug|Any CPU
		{56080D50-4D44-4E92-9ADA-A7974D2DD6AA}.Debug|Any CPU.Build.0 = Debug|Any CPU
		{56080D50-4D44-4E92-9ADA-A7974D2DD6AA}.Release|Any CPU.ActiveCfg = Release|Any CPU
		{56080D50-4D44-4E92-9ADA-A7974D2DD6AA}.Release|Any CPU.Build.0 = Release|Any CPU
		{157A43C7-0BB9-4BCF-9CE8-92B00E39CF43}.Debug|Any CPU.ActiveCfg = Debug|Any CPU
		{157A43C7-0BB9-4BCF-9CE8-92B00E39CF43}.Debug|Any CPU.Build.0 = Debug|Any CPU
		{157A43C7-0BB9-4BCF-9CE8-92B00E39CF43}.Release|Any CPU.ActiveCfg = Release|Any CPU
		{157A43C7-0BB9-4BCF-9CE8-92B00E39CF43}.Release|Any CPU.Build.0 = Release|Any CPU
		{8B315A60-4E04-4D94-9AF6-C1D6510F9E50}.Debug|Any CPU.ActiveCfg = Debug|Any CPU
		{8B315A60-4E04-4D94-9AF6-C1D6510F9E50}.Debug|Any CPU.Build.0 = Debug|Any CPU
		{8B315A60-4E04-4D94-9AF6-C1D6510F9E50}.Release|Any CPU.ActiveCfg = Release|Any CPU
		{8B315A60-4E04-4D94-9AF6-C1D6510F9E50}.Release|Any CPU.Build.0 = Release|Any CPU
		{646BF0DE-BB8A-4D96-9BD6-A6FC273E5215}.Debug|Any CPU.ActiveCfg = Debug|Any CPU
		{646BF0DE-BB8A-4D96-9BD6-A6FC273E5215}.Debug|Any CPU.Build.0 = Debug|Any CPU
		{646BF0DE-BB8A-4D96-9BD6-A6FC273E5215}.Release|Any CPU.ActiveCfg = Release|Any CPU
		{646BF0DE-BB8A-4D96-9BD6-A6FC273E5215}.Release|Any CPU.Build.0 = Release|Any CPU
		{60C4899E-4AAC-4B4A-AA3B-21A4CCCF8229}.Debug|Any CPU.ActiveCfg = Debug|Any CPU
		{60C4899E-4AAC-4B4A-AA3B-21A4CCCF8229}.Debug|Any CPU.Build.0 = Debug|Any CPU
		{60C4899E-4AAC-4B4A-AA3B-21A4CCCF8229}.Release|Any CPU.ActiveCfg = Release|Any CPU
		{60C4899E-4AAC-4B4A-AA3B-21A4CCCF8229}.Release|Any CPU.Build.0 = Release|Any CPU
		{29FEEC93-DFC2-4458-8042-300975385A9C}.Debug|Any CPU.ActiveCfg = Debug|Any CPU
		{29FEEC93-DFC2-4458-8042-300975385A9C}.Debug|Any CPU.Build.0 = Debug|Any CPU
		{29FEEC93-DFC2-4458-8042-300975385A9C}.Release|Any CPU.ActiveCfg = Release|Any CPU
		{29FEEC93-DFC2-4458-8042-300975385A9C}.Release|Any CPU.Build.0 = Release|Any CPU
		{D5A0DAE3-2ABA-4B35-897E-CD11C0ECE0BC}.Debug|Any CPU.ActiveCfg = Debug|Any CPU
		{D5A0DAE3-2ABA-4B35-897E-CD11C0ECE0BC}.Debug|Any CPU.Build.0 = Debug|Any CPU
		{D5A0DAE3-2ABA-4B35-897E-CD11C0ECE0BC}.Release|Any CPU.ActiveCfg = Release|Any CPU
		{D5A0DAE3-2ABA-4B35-897E-CD11C0ECE0BC}.Release|Any CPU.Build.0 = Release|Any CPU
		{29086390-1EDF-4264-B755-9B06D2AE8A85}.Debug|Any CPU.ActiveCfg = Debug|Any CPU
		{29086390-1EDF-4264-B755-9B06D2AE8A85}.Debug|Any CPU.Build.0 = Debug|Any CPU
		{29086390-1EDF-4264-B755-9B06D2AE8A85}.Release|Any CPU.ActiveCfg = Release|Any CPU
		{29086390-1EDF-4264-B755-9B06D2AE8A85}.Release|Any CPU.Build.0 = Release|Any CPU
		{E043BC5A-0AC0-424B-B3D4-F5F5BA0B6B77}.Debug|Any CPU.ActiveCfg = Debug|Any CPU
		{E043BC5A-0AC0-424B-B3D4-F5F5BA0B6B77}.Debug|Any CPU.Build.0 = Debug|Any CPU
		{E043BC5A-0AC0-424B-B3D4-F5F5BA0B6B77}.Release|Any CPU.ActiveCfg = Release|Any CPU
		{E043BC5A-0AC0-424B-B3D4-F5F5BA0B6B77}.Release|Any CPU.Build.0 = Release|Any CPU
		{77FA9039-28C4-486A-B09A-BF7BBDD0BEDE}.Debug|Any CPU.ActiveCfg = Debug|Any CPU
		{77FA9039-28C4-486A-B09A-BF7BBDD0BEDE}.Debug|Any CPU.Build.0 = Debug|Any CPU
		{77FA9039-28C4-486A-B09A-BF7BBDD0BEDE}.Release|Any CPU.ActiveCfg = Release|Any CPU
		{77FA9039-28C4-486A-B09A-BF7BBDD0BEDE}.Release|Any CPU.Build.0 = Release|Any CPU
		{169F9D72-B760-4D51-A8AE-3B540F48D83B}.Debug|Any CPU.ActiveCfg = Debug|Any CPU
		{169F9D72-B760-4D51-A8AE-3B540F48D83B}.Debug|Any CPU.Build.0 = Debug|Any CPU
		{169F9D72-B760-4D51-A8AE-3B540F48D83B}.Release|Any CPU.ActiveCfg = Release|Any CPU
		{169F9D72-B760-4D51-A8AE-3B540F48D83B}.Release|Any CPU.Build.0 = Release|Any CPU
		{C9D59D2A-FADD-4688-9EEC-A21DEED31419}.Debug|Any CPU.ActiveCfg = Debug|Any CPU
		{C9D59D2A-FADD-4688-9EEC-A21DEED31419}.Debug|Any CPU.Build.0 = Debug|Any CPU
		{C9D59D2A-FADD-4688-9EEC-A21DEED31419}.Release|Any CPU.ActiveCfg = Release|Any CPU
		{C9D59D2A-FADD-4688-9EEC-A21DEED31419}.Release|Any CPU.Build.0 = Release|Any CPU
		{C4AA9527-84B2-477A-AD2A-B47EC624E3D9}.Debug|Any CPU.ActiveCfg = Debug|Any CPU
		{C4AA9527-84B2-477A-AD2A-B47EC624E3D9}.Debug|Any CPU.Build.0 = Debug|Any CPU
		{C4AA9527-84B2-477A-AD2A-B47EC624E3D9}.Release|Any CPU.ActiveCfg = Release|Any CPU
		{C4AA9527-84B2-477A-AD2A-B47EC624E3D9}.Release|Any CPU.Build.0 = Release|Any CPU
		{A7414EB1-8CAD-495C-9960-616F4DE002AB}.Debug|Any CPU.ActiveCfg = Debug|Any CPU
		{A7414EB1-8CAD-495C-9960-616F4DE002AB}.Debug|Any CPU.Build.0 = Debug|Any CPU
		{A7414EB1-8CAD-495C-9960-616F4DE002AB}.Release|Any CPU.ActiveCfg = Release|Any CPU
		{A7414EB1-8CAD-495C-9960-616F4DE002AB}.Release|Any CPU.Build.0 = Release|Any CPU
		{E2522D0A-1901-4C8A-90DF-CFCAACEC4543}.Debug|Any CPU.ActiveCfg = Debug|Any CPU
		{E2522D0A-1901-4C8A-90DF-CFCAACEC4543}.Debug|Any CPU.Build.0 = Debug|Any CPU
		{E2522D0A-1901-4C8A-90DF-CFCAACEC4543}.Release|Any CPU.ActiveCfg = Release|Any CPU
		{E2522D0A-1901-4C8A-90DF-CFCAACEC4543}.Release|Any CPU.Build.0 = Release|Any CPU
		{9718E2DF-0BDB-40B9-90EB-AF3526833BA1}.Debug|Any CPU.ActiveCfg = Debug|Any CPU
		{9718E2DF-0BDB-40B9-90EB-AF3526833BA1}.Debug|Any CPU.Build.0 = Debug|Any CPU
		{9718E2DF-0BDB-40B9-90EB-AF3526833BA1}.Release|Any CPU.ActiveCfg = Release|Any CPU
		{9718E2DF-0BDB-40B9-90EB-AF3526833BA1}.Release|Any CPU.Build.0 = Release|Any CPU
	EndGlobalSection
	GlobalSection(SolutionProperties) = preSolution
		HideSolutionNode = FALSE
	EndGlobalSection
	GlobalSection(NestedProjects) = preSolution
		{1512D572-C3DE-4F57-9E23-B332E5B4776B} = {2EB8035D-132D-4951-ACCF-95AADAC3C956}
		{90408274-907F-4AA3-AD62-21F35278BF66} = {2EB8035D-132D-4951-ACCF-95AADAC3C956}
		{6C934586-B683-417E-8AEE-50176466D711} = {2EB8035D-132D-4951-ACCF-95AADAC3C956}
		{432DE87B-4F28-4604-8BC7-642DEC0CDFB9} = {90408274-907F-4AA3-AD62-21F35278BF66}
		{26B25BB8-EE8E-4DBC-8930-F66D37B338F6} = {90408274-907F-4AA3-AD62-21F35278BF66}
		{BA7AA449-3B18-48AD-8D68-AC1F090D3ED2} = {90408274-907F-4AA3-AD62-21F35278BF66}
		{8BB47503-35C9-4419-8A96-98F57A60F967} = {6C934586-B683-417E-8AEE-50176466D711}
		{B2BDC277-6747-43E5-9066-AE72F4124596} = {6C934586-B683-417E-8AEE-50176466D711}
		{1A722C42-7470-44EF-94F6-C4B447859FCB} = {6C934586-B683-417E-8AEE-50176466D711}
		{55C98401-7745-4AD2-B0F1-DD00DF6FC2C5} = {2EB8035D-132D-4951-ACCF-95AADAC3C956}
		{CA52120A-23F4-4836-B51D-D6131DE825B1} = {55C98401-7745-4AD2-B0F1-DD00DF6FC2C5}
		{32CC85A5-9F0A-4511-9A8B-130C068EC6A6} = {55C98401-7745-4AD2-B0F1-DD00DF6FC2C5}
		{CEFFF951-E667-4083-9BD1-8127B7E1861B} = {55C98401-7745-4AD2-B0F1-DD00DF6FC2C5}
		{EA0344D9-67ED-41CD-9A42-387CC0F33520} = {1512D572-C3DE-4F57-9E23-B332E5B4776B}
		{56080D50-4D44-4E92-9ADA-A7974D2DD6AA} = {26B25BB8-EE8E-4DBC-8930-F66D37B338F6}
		{157A43C7-0BB9-4BCF-9CE8-92B00E39CF43} = {432DE87B-4F28-4604-8BC7-642DEC0CDFB9}
		{8B315A60-4E04-4D94-9AF6-C1D6510F9E50} = {BA7AA449-3B18-48AD-8D68-AC1F090D3ED2}
		{646BF0DE-BB8A-4D96-9BD6-A6FC273E5215} = {8BB47503-35C9-4419-8A96-98F57A60F967}
		{60C4899E-4AAC-4B4A-AA3B-21A4CCCF8229} = {1A722C42-7470-44EF-94F6-C4B447859FCB}
		{29FEEC93-DFC2-4458-8042-300975385A9C} = {CA52120A-23F4-4836-B51D-D6131DE825B1}
		{D5A0DAE3-2ABA-4B35-897E-CD11C0ECE0BC} = {32CC85A5-9F0A-4511-9A8B-130C068EC6A6}
		{29086390-1EDF-4264-B755-9B06D2AE8A85} = {CEFFF951-E667-4083-9BD1-8127B7E1861B}
		{F34B1884-58E6-49FE-8647-387EF7623FD0} = {90408274-907F-4AA3-AD62-21F35278BF66}
		{A7269453-D813-4C40-85A3-CD7A11B743CA} = {6C934586-B683-417E-8AEE-50176466D711}
		{D1863C38-45DF-409C-A0EA-560224B84507} = {55C98401-7745-4AD2-B0F1-DD00DF6FC2C5}
		{E043BC5A-0AC0-424B-B3D4-F5F5BA0B6B77} = {D1863C38-45DF-409C-A0EA-560224B84507}
		{77FA9039-28C4-486A-B09A-BF7BBDD0BEDE} = {F34B1884-58E6-49FE-8647-387EF7623FD0}
		{169F9D72-B760-4D51-A8AE-3B540F48D83B} = {A7269453-D813-4C40-85A3-CD7A11B743CA}
		{C9D59D2A-FADD-4688-9EEC-A21DEED31419} = {B2BDC277-6747-43E5-9066-AE72F4124596}
		{5DB29B91-B915-4820-8BBF-11F1AD055CEA} = {2EB8035D-132D-4951-ACCF-95AADAC3C956}
		{04DF2E21-784D-4CBC-9969-680FEB3D1DC3} = {2EB8035D-132D-4951-ACCF-95AADAC3C956}
		{07F287FB-7EB2-4E5D-9213-3BA9EDCEEEF5} = {04DF2E21-784D-4CBC-9969-680FEB3D1DC3}
		{C4AA9527-84B2-477A-AD2A-B47EC624E3D9} = {07F287FB-7EB2-4E5D-9213-3BA9EDCEEEF5}
		{E96119C8-7E42-4519-BB26-D488EB8EAFBB} = {04DF2E21-784D-4CBC-9969-680FEB3D1DC3}
		{8F233A14-9BAE-4F3C-A84D-440B8696B022} = {04DF2E21-784D-4CBC-9969-680FEB3D1DC3}
		{A7414EB1-8CAD-495C-9960-616F4DE002AB} = {E96119C8-7E42-4519-BB26-D488EB8EAFBB}
		{E2522D0A-1901-4C8A-90DF-CFCAACEC4543} = {8F233A14-9BAE-4F3C-A84D-440B8696B022}
		{9718E2DF-0BDB-40B9-90EB-AF3526833BA1} = {F8719839-C21C-45BB-A138-5C7ACBD17F8D}
	EndGlobalSection
	GlobalSection(ExtensibilityGlobals) = postSolution
		SolutionGuid = {A53BA1F2-3E20-4CD3-B606-0096DDA6D69B}
	EndGlobalSection
EndGlobal
