
Microsoft Visual Studio Solution File, Format Version 12.00
# Visual Studio Version 16
VisualStudioVersion = 16.0.30503.244
MinimumVisualStudioVersion = 10.0.40219.1
Project("{2150E333-8FDC-42A3-9474-1A3956D46DE8}") = "2 - Application", "2 - Application", "{2EB8035D-132D-4951-ACCF-95AADAC3C956}"
EndProject
Project("{2150E333-8FDC-42A3-9474-1A3956D46DE8}") = "1 - Presentation", "1 - Presentation", "{5C06237F-C114-401D-9725-398E0E781075}"
EndProject
Project("{2150E333-8FDC-42A3-9474-1A3956D46DE8}") = "1 - Core", "1 - Core", "{1512D572-C3DE-4F57-9E23-B332E5B4776B}"
EndProject
Project("{2150E333-8FDC-42A3-9474-1A3956D46DE8}") = "2 - Catalog", "2 - Catalog", "{90408274-907F-4AA3-AD62-21F35278BF66}"
EndProject
Project("{2150E333-8FDC-42A3-9474-1A3956D46DE8}") = "3 - Sales", "3 - Sales", "{6C934586-B683-417E-8AEE-50176466D711}"
EndProject
Project("{2150E333-8FDC-42A3-9474-1A3956D46DE8}") = "2.2 - Domain", "2.2 - Domain", "{432DE87B-4F28-4604-8BC7-642DEC0CDFB9}"
EndProject
Project("{2150E333-8FDC-42A3-9474-1A3956D46DE8}") = "2.1 - Services", "2.1 - Services", "{26B25BB8-EE8E-4DBC-8930-F66D37B338F6}"
EndProject
Project("{2150E333-8FDC-42A3-9474-1A3956D46DE8}") = "2.3 - Infra", "2.3 - Infra", "{BA7AA449-3B18-48AD-8D68-AC1F090D3ED2}"
EndProject
Project("{2150E333-8FDC-42A3-9474-1A3956D46DE8}") = "3.1 - Services", "3.1 - Services", "{8BB47503-35C9-4419-8A96-98F57A60F967}"
EndProject
Project("{2150E333-8FDC-42A3-9474-1A3956D46DE8}") = "3.2 - Domain", "3.2 - Domain", "{B2BDC277-6747-43E5-9066-AE72F4124596}"
EndProject
Project("{2150E333-8FDC-42A3-9474-1A3956D46DE8}") = "3.3 - Infra", "3.3 - Infra", "{1A722C42-7470-44EF-94F6-C4B447859FCB}"
EndProject
Project("{2150E333-8FDC-42A3-9474-1A3956D46DE8}") = "4 - Management", "4 - Management", "{53EAD100-79FD-49D5-A1B2-5B408143904A}"
EndProject
Project("{2150E333-8FDC-42A3-9474-1A3956D46DE8}") = "4.1 - Services", "4.1 - Services", "{23CDAF61-F2DD-463E-8D37-5CE8D4BCB358}"
EndProject
Project("{2150E333-8FDC-42A3-9474-1A3956D46DE8}") = "4.2 - Domain", "4.2 - Domain", "{95130A1C-733E-4B9A-B941-CA70DC462C1B}"
EndProject
Project("{2150E333-8FDC-42A3-9474-1A3956D46DE8}") = "4.3 - Infra", "4.3 - Infra", "{1ED23D7E-3A80-45FB-B98E-C2E88019C8F3}"
EndProject
Project("{9A19103F-16F7-4668-BE54-9A1E7A4F7556}") = "CHStore.Application.Core", "Core\CHStore.Application.Core\CHStore.Application.Core.csproj", "{FF0EEF95-F14D-48BE-97BC-87DC24A881AB}"
EndProject
Project("{9A19103F-16F7-4668-BE54-9A1E7A4F7556}") = "CHStore.Application.Catalog.DomainServices", "Catalog\CHStore.Application.Core.Catalog.DomainServices\CHStore.Application.Catalog.DomainServices.csproj", "{4A53ADE5-40F5-4D25-8C8A-3620EE5AF4F5}"
EndProject
Project("{9A19103F-16F7-4668-BE54-9A1E7A4F7556}") = "CHStore.Application.Catalog.Domain", "Catalog\CHStore.Application.Core.Catalog.Domain\CHStore.Application.Catalog.Domain.csproj", "{87C9C31A-1AE6-46F2-B5F7-4C927A518438}"
EndProject
Project("{9A19103F-16F7-4668-BE54-9A1E7A4F7556}") = "CHStore.Application.Core.Catalog.Infra", "Catalog\CHStore.Application.Core.Catalog.Infra.Data\CHStore.Application.Core.Catalog.Infra.csproj", "{3D384947-1FD5-41C8-8904-92AF2BAD5FC8}"
EndProject
Project("{9A19103F-16F7-4668-BE54-9A1E7A4F7556}") = "CHStore.Application.Sales.DomainServices", "Sales\CHStore.Application.Sales.DomainServices\CHStore.Application.Sales.DomainServices.csproj", "{8702E341-FAB9-4B50-8DDD-24AF99F5FA00}"
EndProject
Project("{9A19103F-16F7-4668-BE54-9A1E7A4F7556}") = "CHStore.Application.Sales.Domain", "Sales\CHStore.Application.Core.Sales.Domain\CHStore.Application.Sales.Domain.csproj", "{A24A8E3A-7B2A-4055-8D99-7E6F36664CBA}"
EndProject
Project("{9A19103F-16F7-4668-BE54-9A1E7A4F7556}") = "CHStore.Application.Sales.Infra", "Sales\CHStore.Application.Sales.Infra\CHStore.Application.Sales.Infra.csproj", "{D077EC31-567F-4BF5-8B2A-9A2C1E68960E}"
EndProject
Global
	GlobalSection(SolutionConfigurationPlatforms) = preSolution
		Debug|Any CPU = Debug|Any CPU
		Release|Any CPU = Release|Any CPU
	EndGlobalSection
	GlobalSection(ProjectConfigurationPlatforms) = postSolution
		{FF0EEF95-F14D-48BE-97BC-87DC24A881AB}.Debug|Any CPU.ActiveCfg = Debug|Any CPU
		{FF0EEF95-F14D-48BE-97BC-87DC24A881AB}.Debug|Any CPU.Build.0 = Debug|Any CPU
		{FF0EEF95-F14D-48BE-97BC-87DC24A881AB}.Release|Any CPU.ActiveCfg = Release|Any CPU
		{FF0EEF95-F14D-48BE-97BC-87DC24A881AB}.Release|Any CPU.Build.0 = Release|Any CPU
		{4A53ADE5-40F5-4D25-8C8A-3620EE5AF4F5}.Debug|Any CPU.ActiveCfg = Debug|Any CPU
		{4A53ADE5-40F5-4D25-8C8A-3620EE5AF4F5}.Debug|Any CPU.Build.0 = Debug|Any CPU
		{4A53ADE5-40F5-4D25-8C8A-3620EE5AF4F5}.Release|Any CPU.ActiveCfg = Release|Any CPU
		{4A53ADE5-40F5-4D25-8C8A-3620EE5AF4F5}.Release|Any CPU.Build.0 = Release|Any CPU
		{87C9C31A-1AE6-46F2-B5F7-4C927A518438}.Debug|Any CPU.ActiveCfg = Debug|Any CPU
		{87C9C31A-1AE6-46F2-B5F7-4C927A518438}.Debug|Any CPU.Build.0 = Debug|Any CPU
		{87C9C31A-1AE6-46F2-B5F7-4C927A518438}.Release|Any CPU.ActiveCfg = Release|Any CPU
		{87C9C31A-1AE6-46F2-B5F7-4C927A518438}.Release|Any CPU.Build.0 = Release|Any CPU
		{3D384947-1FD5-41C8-8904-92AF2BAD5FC8}.Debug|Any CPU.ActiveCfg = Debug|Any CPU
		{3D384947-1FD5-41C8-8904-92AF2BAD5FC8}.Debug|Any CPU.Build.0 = Debug|Any CPU
		{3D384947-1FD5-41C8-8904-92AF2BAD5FC8}.Release|Any CPU.ActiveCfg = Release|Any CPU
		{3D384947-1FD5-41C8-8904-92AF2BAD5FC8}.Release|Any CPU.Build.0 = Release|Any CPU
		{8702E341-FAB9-4B50-8DDD-24AF99F5FA00}.Debug|Any CPU.ActiveCfg = Debug|Any CPU
		{8702E341-FAB9-4B50-8DDD-24AF99F5FA00}.Debug|Any CPU.Build.0 = Debug|Any CPU
		{8702E341-FAB9-4B50-8DDD-24AF99F5FA00}.Release|Any CPU.ActiveCfg = Release|Any CPU
		{8702E341-FAB9-4B50-8DDD-24AF99F5FA00}.Release|Any CPU.Build.0 = Release|Any CPU
		{A24A8E3A-7B2A-4055-8D99-7E6F36664CBA}.Debug|Any CPU.ActiveCfg = Debug|Any CPU
		{A24A8E3A-7B2A-4055-8D99-7E6F36664CBA}.Debug|Any CPU.Build.0 = Debug|Any CPU
		{A24A8E3A-7B2A-4055-8D99-7E6F36664CBA}.Release|Any CPU.ActiveCfg = Release|Any CPU
		{A24A8E3A-7B2A-4055-8D99-7E6F36664CBA}.Release|Any CPU.Build.0 = Release|Any CPU
		{D077EC31-567F-4BF5-8B2A-9A2C1E68960E}.Debug|Any CPU.ActiveCfg = Debug|Any CPU
		{D077EC31-567F-4BF5-8B2A-9A2C1E68960E}.Debug|Any CPU.Build.0 = Debug|Any CPU
		{D077EC31-567F-4BF5-8B2A-9A2C1E68960E}.Release|Any CPU.ActiveCfg = Release|Any CPU
		{D077EC31-567F-4BF5-8B2A-9A2C1E68960E}.Release|Any CPU.Build.0 = Release|Any CPU
	EndGlobalSection
	GlobalSection(SolutionProperties) = preSolution
		HideSolutionNode = FALSE
	EndGlobalSection
	GlobalSection(NestedProjects) = preSolution
		{1512D572-C3DE-4F57-9E23-B332E5B4776B} = {2EB8035D-132D-4951-ACCF-95AADAC3C956}
		{90408274-907F-4AA3-AD62-21F35278BF66} = {2EB8035D-132D-4951-ACCF-95AADAC3C956}
		{6C934586-B683-417E-8AEE-50176466D711} = {2EB8035D-132D-4951-ACCF-95AADAC3C956}
		{432DE87B-4F28-4604-8BC7-642DEC0CDFB9} = {90408274-907F-4AA3-AD62-21F35278BF66}
		{26B25BB8-EE8E-4DBC-8930-F66D37B338F6} = {90408274-907F-4AA3-AD62-21F35278BF66}
		{BA7AA449-3B18-48AD-8D68-AC1F090D3ED2} = {90408274-907F-4AA3-AD62-21F35278BF66}
		{8BB47503-35C9-4419-8A96-98F57A60F967} = {6C934586-B683-417E-8AEE-50176466D711}
		{B2BDC277-6747-43E5-9066-AE72F4124596} = {6C934586-B683-417E-8AEE-50176466D711}
		{1A722C42-7470-44EF-94F6-C4B447859FCB} = {6C934586-B683-417E-8AEE-50176466D711}
		{53EAD100-79FD-49D5-A1B2-5B408143904A} = {2EB8035D-132D-4951-ACCF-95AADAC3C956}
		{23CDAF61-F2DD-463E-8D37-5CE8D4BCB358} = {53EAD100-79FD-49D5-A1B2-5B408143904A}
		{95130A1C-733E-4B9A-B941-CA70DC462C1B} = {53EAD100-79FD-49D5-A1B2-5B408143904A}
		{1ED23D7E-3A80-45FB-B98E-C2E88019C8F3} = {53EAD100-79FD-49D5-A1B2-5B408143904A}
		{FF0EEF95-F14D-48BE-97BC-87DC24A881AB} = {1512D572-C3DE-4F57-9E23-B332E5B4776B}
		{4A53ADE5-40F5-4D25-8C8A-3620EE5AF4F5} = {26B25BB8-EE8E-4DBC-8930-F66D37B338F6}
		{87C9C31A-1AE6-46F2-B5F7-4C927A518438} = {432DE87B-4F28-4604-8BC7-642DEC0CDFB9}
		{3D384947-1FD5-41C8-8904-92AF2BAD5FC8} = {BA7AA449-3B18-48AD-8D68-AC1F090D3ED2}
		{8702E341-FAB9-4B50-8DDD-24AF99F5FA00} = {8BB47503-35C9-4419-8A96-98F57A60F967}
		{A24A8E3A-7B2A-4055-8D99-7E6F36664CBA} = {B2BDC277-6747-43E5-9066-AE72F4124596}
		{D077EC31-567F-4BF5-8B2A-9A2C1E68960E} = {1A722C42-7470-44EF-94F6-C4B447859FCB}
	EndGlobalSection
	GlobalSection(ExtensibilityGlobals) = postSolution
		SolutionGuid = {A53BA1F2-3E20-4CD3-B606-0096DDA6D69B}
	EndGlobalSection
EndGlobal
